
Microsoft Visual Studio Solution File, Format Version 12.00
# Visual Studio Version 17
VisualStudioVersion = 17.0.31903.59
MinimumVisualStudioVersion = 10.0.40219.1
Project("{2150E333-8FDC-42A3-9474-1A3956D46DE8}") = "src", "src", "{827E0CD3-B72D-47B6-A68D-7590B98EB39B}"
EndProject
Project("{FAE04EC0-301F-11D3-BF4B-00C04F79EFBC}") = "ARCP", "src\ARCP\ARCP.csproj", "{05FF8703-3997-4D93-80FB-3218DF30FBD7}"
EndProject
Project("{FAE04EC0-301F-11D3-BF4B-00C04F79EFBC}") = "ARCP.Cli", "src\ARCP.Cli\ARCP.Cli.csproj", "{B9778DB9-738A-4FFF-BE98-90E9E1489BD8}"
EndProject
Project("{2150E333-8FDC-42A3-9474-1A3956D46DE8}") = "tests", "tests", "{0AB3BF05-4346-4AA6-1389-037BE0695223}"
EndProject
Project("{FAE04EC0-301F-11D3-BF4B-00C04F79EFBC}") = "ARCP.UnitTests", "tests\ARCP.UnitTests\ARCP.UnitTests.csproj", "{955BA7C3-26EF-4D2C-8C98-1F1211159D3F}"
EndProject
Project("{FAE04EC0-301F-11D3-BF4B-00C04F79EFBC}") = "ARCP.IntegrationTests", "tests\ARCP.IntegrationTests\ARCP.IntegrationTests.csproj", "{55BED0B4-7862-48D9-AE43-DDF1BD26CF2C}"
EndProject
Project("{2150E333-8FDC-42A3-9474-1A3956D46DE8}") = "samples", "samples", "{5D20AA90-6969-D8BD-9DCD-8634F4692FDA}"
EndProject
Project("{FAE04EC0-301F-11D3-BF4B-00C04F79EFBC}") = "Subscriptions", "samples\Subscriptions\Subscriptions.csproj", "{E35F6D0F-B7F6-4B9A-A8F4-184DF14C10CF}"
EndProject
Project("{FAE04EC0-301F-11D3-BF4B-00C04F79EFBC}") = "Leases", "samples\Leases\Leases.csproj", "{D94CD672-5CBA-4D74-BBF7-3A27AA9DC315}"
EndProject
Project("{FAE04EC0-301F-11D3-BF4B-00C04F79EFBC}") = "LeaseRevocation", "samples\LeaseRevocation\LeaseRevocation.csproj", "{DD2D25BF-7C11-4072-8BA8-FE8FE8669766}"
EndProject
Project("{FAE04EC0-301F-11D3-BF4B-00C04F79EFBC}") = "PermissionChallenge", "samples\PermissionChallenge\PermissionChallenge.csproj", "{74435468-3D03-4F07-8E54-DC44C8EAD481}"
EndProject
Project("{FAE04EC0-301F-11D3-BF4B-00C04F79EFBC}") = "Delegation", "samples\Delegation\Delegation.csproj", "{C13B77A8-01BB-409D-B71C-626857076792}"
EndProject
Project("{FAE04EC0-301F-11D3-BF4B-00C04F79EFBC}") = "Handoff", "samples\Handoff\Handoff.csproj", "{438B7B47-6422-4D79-9046-F5A94B9D1F39}"
EndProject
Project("{FAE04EC0-301F-11D3-BF4B-00C04F79EFBC}") = "Heartbeats", "samples\Heartbeats\Heartbeats.csproj", "{02029BF6-E1CF-485B-9D4C-776005848955}"
EndProject
Project("{FAE04EC0-301F-11D3-BF4B-00C04F79EFBC}") = "CapabilityNegotiation", "samples\CapabilityNegotiation\CapabilityNegotiation.csproj", "{B7AE4F9A-89EC-4D0F-ADCF-EF8A372328F0}"
EndProject
Project("{FAE04EC0-301F-11D3-BF4B-00C04F79EFBC}") = "Resumability", "samples\Resumability\Resumability.csproj", "{B8931B2D-D455-41E9-A475-C9875A106B07}"
EndProject
Project("{FAE04EC0-301F-11D3-BF4B-00C04F79EFBC}") = "ReasoningStreams", "samples\ReasoningStreams\ReasoningStreams.csproj", "{57348309-9955-404E-9D01-7F47ABB8030F}"
EndProject
Project("{FAE04EC0-301F-11D3-BF4B-00C04F79EFBC}") = "Extensions", "samples\Extensions\Extensions.csproj", "{4E3FF204-D62D-4AAE-999B-A917E5DA5FCC}"
EndProject
Project("{FAE04EC0-301F-11D3-BF4B-00C04F79EFBC}") = "HumanInput", "samples\HumanInput\HumanInput.csproj", "{337E8006-28B1-4FFA-994B-F1BC97F9E81A}"
EndProject
Project("{FAE04EC0-301F-11D3-BF4B-00C04F79EFBC}") = "Cancellation", "samples\Cancellation\Cancellation.csproj", "{2FE412F0-A1A3-40A7-85FC-8F4CA206CC39}"
EndProject
Project("{FAE04EC0-301F-11D3-BF4B-00C04F79EFBC}") = "MCP", "samples\MCP\MCP.csproj", "{5529D311-15AC-4DB1-BD6A-CEB24685AFAF}"
EndProject
Global
	GlobalSection(SolutionConfigurationPlatforms) = preSolution
		Debug|Any CPU = Debug|Any CPU
		Debug|x64 = Debug|x64
		Debug|x86 = Debug|x86
		Release|Any CPU = Release|Any CPU
		Release|x64 = Release|x64
		Release|x86 = Release|x86
	EndGlobalSection
	GlobalSection(ProjectConfigurationPlatforms) = postSolution
		{05FF8703-3997-4D93-80FB-3218DF30FBD7}.Debug|Any CPU.ActiveCfg = Debug|Any CPU
		{05FF8703-3997-4D93-80FB-3218DF30FBD7}.Debug|Any CPU.Build.0 = Debug|Any CPU
		{05FF8703-3997-4D93-80FB-3218DF30FBD7}.Debug|x64.ActiveCfg = Debug|Any CPU
		{05FF8703-3997-4D93-80FB-3218DF30FBD7}.Debug|x64.Build.0 = Debug|Any CPU
		{05FF8703-3997-4D93-80FB-3218DF30FBD7}.Debug|x86.ActiveCfg = Debug|Any CPU
		{05FF8703-3997-4D93-80FB-3218DF30FBD7}.Debug|x86.Build.0 = Debug|Any CPU
		{05FF8703-3997-4D93-80FB-3218DF30FBD7}.Release|Any CPU.ActiveCfg = Release|Any CPU
		{05FF8703-3997-4D93-80FB-3218DF30FBD7}.Release|Any CPU.Build.0 = Release|Any CPU
		{05FF8703-3997-4D93-80FB-3218DF30FBD7}.Release|x64.ActiveCfg = Release|Any CPU
		{05FF8703-3997-4D93-80FB-3218DF30FBD7}.Release|x64.Build.0 = Release|Any CPU
		{05FF8703-3997-4D93-80FB-3218DF30FBD7}.Release|x86.ActiveCfg = Release|Any CPU
		{05FF8703-3997-4D93-80FB-3218DF30FBD7}.Release|x86.Build.0 = Release|Any CPU
		{B9778DB9-738A-4FFF-BE98-90E9E1489BD8}.Debug|Any CPU.ActiveCfg = Debug|Any CPU
		{B9778DB9-738A-4FFF-BE98-90E9E1489BD8}.Debug|Any CPU.Build.0 = Debug|Any CPU
		{B9778DB9-738A-4FFF-BE98-90E9E1489BD8}.Debug|x64.ActiveCfg = Debug|Any CPU
		{B9778DB9-738A-4FFF-BE98-90E9E1489BD8}.Debug|x64.Build.0 = Debug|Any CPU
		{B9778DB9-738A-4FFF-BE98-90E9E1489BD8}.Debug|x86.ActiveCfg = Debug|Any CPU
		{B9778DB9-738A-4FFF-BE98-90E9E1489BD8}.Debug|x86.Build.0 = Debug|Any CPU
		{B9778DB9-738A-4FFF-BE98-90E9E1489BD8}.Release|Any CPU.ActiveCfg = Release|Any CPU
		{B9778DB9-738A-4FFF-BE98-90E9E1489BD8}.Release|Any CPU.Build.0 = Release|Any CPU
		{B9778DB9-738A-4FFF-BE98-90E9E1489BD8}.Release|x64.ActiveCfg = Release|Any CPU
		{B9778DB9-738A-4FFF-BE98-90E9E1489BD8}.Release|x64.Build.0 = Release|Any CPU
		{B9778DB9-738A-4FFF-BE98-90E9E1489BD8}.Release|x86.ActiveCfg = Release|Any CPU
		{B9778DB9-738A-4FFF-BE98-90E9E1489BD8}.Release|x86.Build.0 = Release|Any CPU
		{955BA7C3-26EF-4D2C-8C98-1F1211159D3F}.Debug|Any CPU.ActiveCfg = Debug|Any CPU
		{955BA7C3-26EF-4D2C-8C98-1F1211159D3F}.Debug|Any CPU.Build.0 = Debug|Any CPU
		{955BA7C3-26EF-4D2C-8C98-1F1211159D3F}.Debug|x64.ActiveCfg = Debug|Any CPU
		{955BA7C3-26EF-4D2C-8C98-1F1211159D3F}.Debug|x64.Build.0 = Debug|Any CPU
		{955BA7C3-26EF-4D2C-8C98-1F1211159D3F}.Debug|x86.ActiveCfg = Debug|Any CPU
		{955BA7C3-26EF-4D2C-8C98-1F1211159D3F}.Debug|x86.Build.0 = Debug|Any CPU
		{955BA7C3-26EF-4D2C-8C98-1F1211159D3F}.Release|Any CPU.ActiveCfg = Release|Any CPU
		{955BA7C3-26EF-4D2C-8C98-1F1211159D3F}.Release|Any CPU.Build.0 = Release|Any CPU
		{955BA7C3-26EF-4D2C-8C98-1F1211159D3F}.Release|x64.ActiveCfg = Release|Any CPU
		{955BA7C3-26EF-4D2C-8C98-1F1211159D3F}.Release|x64.Build.0 = Release|Any CPU
		{955BA7C3-26EF-4D2C-8C98-1F1211159D3F}.Release|x86.ActiveCfg = Release|Any CPU
		{955BA7C3-26EF-4D2C-8C98-1F1211159D3F}.Release|x86.Build.0 = Release|Any CPU
		{55BED0B4-7862-48D9-AE43-DDF1BD26CF2C}.Debug|Any CPU.ActiveCfg = Debug|Any CPU
		{55BED0B4-7862-48D9-AE43-DDF1BD26CF2C}.Debug|Any CPU.Build.0 = Debug|Any CPU
		{55BED0B4-7862-48D9-AE43-DDF1BD26CF2C}.Debug|x64.ActiveCfg = Debug|Any CPU
		{55BED0B4-7862-48D9-AE43-DDF1BD26CF2C}.Debug|x64.Build.0 = Debug|Any CPU
		{55BED0B4-7862-48D9-AE43-DDF1BD26CF2C}.Debug|x86.ActiveCfg = Debug|Any CPU
		{55BED0B4-7862-48D9-AE43-DDF1BD26CF2C}.Debug|x86.Build.0 = Debug|Any CPU
		{55BED0B4-7862-48D9-AE43-DDF1BD26CF2C}.Release|Any CPU.ActiveCfg = Release|Any CPU
		{55BED0B4-7862-48D9-AE43-DDF1BD26CF2C}.Release|Any CPU.Build.0 = Release|Any CPU
		{55BED0B4-7862-48D9-AE43-DDF1BD26CF2C}.Release|x64.ActiveCfg = Release|Any CPU
		{55BED0B4-7862-48D9-AE43-DDF1BD26CF2C}.Release|x64.Build.0 = Release|Any CPU
		{55BED0B4-7862-48D9-AE43-DDF1BD26CF2C}.Release|x86.ActiveCfg = Release|Any CPU
		{55BED0B4-7862-48D9-AE43-DDF1BD26CF2C}.Release|x86.Build.0 = Release|Any CPU
		{E35F6D0F-B7F6-4B9A-A8F4-184DF14C10CF}.Debug|Any CPU.ActiveCfg = Debug|Any CPU
		{E35F6D0F-B7F6-4B9A-A8F4-184DF14C10CF}.Debug|Any CPU.Build.0 = Debug|Any CPU
		{E35F6D0F-B7F6-4B9A-A8F4-184DF14C10CF}.Debug|x64.ActiveCfg = Debug|Any CPU
		{E35F6D0F-B7F6-4B9A-A8F4-184DF14C10CF}.Debug|x64.Build.0 = Debug|Any CPU
		{E35F6D0F-B7F6-4B9A-A8F4-184DF14C10CF}.Debug|x86.ActiveCfg = Debug|Any CPU
		{E35F6D0F-B7F6-4B9A-A8F4-184DF14C10CF}.Debug|x86.Build.0 = Debug|Any CPU
		{E35F6D0F-B7F6-4B9A-A8F4-184DF14C10CF}.Release|Any CPU.ActiveCfg = Release|Any CPU
		{E35F6D0F-B7F6-4B9A-A8F4-184DF14C10CF}.Release|Any CPU.Build.0 = Release|Any CPU
		{E35F6D0F-B7F6-4B9A-A8F4-184DF14C10CF}.Release|x64.ActiveCfg = Release|Any CPU
		{E35F6D0F-B7F6-4B9A-A8F4-184DF14C10CF}.Release|x64.Build.0 = Release|Any CPU
		{E35F6D0F-B7F6-4B9A-A8F4-184DF14C10CF}.Release|x86.ActiveCfg = Release|Any CPU
		{E35F6D0F-B7F6-4B9A-A8F4-184DF14C10CF}.Release|x86.Build.0 = Release|Any CPU
		{D94CD672-5CBA-4D74-BBF7-3A27AA9DC315}.Debug|Any CPU.ActiveCfg = Debug|Any CPU
		{D94CD672-5CBA-4D74-BBF7-3A27AA9DC315}.Debug|Any CPU.Build.0 = Debug|Any CPU
		{D94CD672-5CBA-4D74-BBF7-3A27AA9DC315}.Debug|x64.ActiveCfg = Debug|Any CPU
		{D94CD672-5CBA-4D74-BBF7-3A27AA9DC315}.Debug|x64.Build.0 = Debug|Any CPU
		{D94CD672-5CBA-4D74-BBF7-3A27AA9DC315}.Debug|x86.ActiveCfg = Debug|Any CPU
		{D94CD672-5CBA-4D74-BBF7-3A27AA9DC315}.Debug|x86.Build.0 = Debug|Any CPU
		{D94CD672-5CBA-4D74-BBF7-3A27AA9DC315}.Release|Any CPU.ActiveCfg = Release|Any CPU
		{D94CD672-5CBA-4D74-BBF7-3A27AA9DC315}.Release|Any CPU.Build.0 = Release|Any CPU
		{D94CD672-5CBA-4D74-BBF7-3A27AA9DC315}.Release|x64.ActiveCfg = Release|Any CPU
		{D94CD672-5CBA-4D74-BBF7-3A27AA9DC315}.Release|x64.Build.0 = Release|Any CPU
		{D94CD672-5CBA-4D74-BBF7-3A27AA9DC315}.Release|x86.ActiveCfg = Release|Any CPU
		{D94CD672-5CBA-4D74-BBF7-3A27AA9DC315}.Release|x86.Build.0 = Release|Any CPU
		{DD2D25BF-7C11-4072-8BA8-FE8FE8669766}.Debug|Any CPU.ActiveCfg = Debug|Any CPU
		{DD2D25BF-7C11-4072-8BA8-FE8FE8669766}.Debug|Any CPU.Build.0 = Debug|Any CPU
		{DD2D25BF-7C11-4072-8BA8-FE8FE8669766}.Debug|x64.ActiveCfg = Debug|Any CPU
		{DD2D25BF-7C11-4072-8BA8-FE8FE8669766}.Debug|x64.Build.0 = Debug|Any CPU
		{DD2D25BF-7C11-4072-8BA8-FE8FE8669766}.Debug|x86.ActiveCfg = Debug|Any CPU
		{DD2D25BF-7C11-4072-8BA8-FE8FE8669766}.Debug|x86.Build.0 = Debug|Any CPU
		{DD2D25BF-7C11-4072-8BA8-FE8FE8669766}.Release|Any CPU.ActiveCfg = Release|Any CPU
		{DD2D25BF-7C11-4072-8BA8-FE8FE8669766}.Release|Any CPU.Build.0 = Release|Any CPU
		{DD2D25BF-7C11-4072-8BA8-FE8FE8669766}.Release|x64.ActiveCfg = Release|Any CPU
		{DD2D25BF-7C11-4072-8BA8-FE8FE8669766}.Release|x64.Build.0 = Release|Any CPU
		{DD2D25BF-7C11-4072-8BA8-FE8FE8669766}.Release|x86.ActiveCfg = Release|Any CPU
		{DD2D25BF-7C11-4072-8BA8-FE8FE8669766}.Release|x86.Build.0 = Release|Any CPU
		{74435468-3D03-4F07-8E54-DC44C8EAD481}.Debug|Any CPU.ActiveCfg = Debug|Any CPU
		{74435468-3D03-4F07-8E54-DC44C8EAD481}.Debug|Any CPU.Build.0 = Debug|Any CPU
		{74435468-3D03-4F07-8E54-DC44C8EAD481}.Debug|x64.ActiveCfg = Debug|Any CPU
		{74435468-3D03-4F07-8E54-DC44C8EAD481}.Debug|x64.Build.0 = Debug|Any CPU
		{74435468-3D03-4F07-8E54-DC44C8EAD481}.Debug|x86.ActiveCfg = Debug|Any CPU
		{74435468-3D03-4F07-8E54-DC44C8EAD481}.Debug|x86.Build.0 = Debug|Any CPU
		{74435468-3D03-4F07-8E54-DC44C8EAD481}.Release|Any CPU.ActiveCfg = Release|Any CPU
		{74435468-3D03-4F07-8E54-DC44C8EAD481}.Release|Any CPU.Build.0 = Release|Any CPU
		{74435468-3D03-4F07-8E54-DC44C8EAD481}.Release|x64.ActiveCfg = Release|Any CPU
		{74435468-3D03-4F07-8E54-DC44C8EAD481}.Release|x64.Build.0 = Release|Any CPU
		{74435468-3D03-4F07-8E54-DC44C8EAD481}.Release|x86.ActiveCfg = Release|Any CPU
		{74435468-3D03-4F07-8E54-DC44C8EAD481}.Release|x86.Build.0 = Release|Any CPU
		{C13B77A8-01BB-409D-B71C-626857076792}.Debug|Any CPU.ActiveCfg = Debug|Any CPU
		{C13B77A8-01BB-409D-B71C-626857076792}.Debug|Any CPU.Build.0 = Debug|Any CPU
		{C13B77A8-01BB-409D-B71C-626857076792}.Debug|x64.ActiveCfg = Debug|Any CPU
		{C13B77A8-01BB-409D-B71C-626857076792}.Debug|x64.Build.0 = Debug|Any CPU
		{C13B77A8-01BB-409D-B71C-626857076792}.Debug|x86.ActiveCfg = Debug|Any CPU
		{C13B77A8-01BB-409D-B71C-626857076792}.Debug|x86.Build.0 = Debug|Any CPU
		{C13B77A8-01BB-409D-B71C-626857076792}.Release|Any CPU.ActiveCfg = Release|Any CPU
		{C13B77A8-01BB-409D-B71C-626857076792}.Release|Any CPU.Build.0 = Release|Any CPU
		{C13B77A8-01BB-409D-B71C-626857076792}.Release|x64.ActiveCfg = Release|Any CPU
		{C13B77A8-01BB-409D-B71C-626857076792}.Release|x64.Build.0 = Release|Any CPU
		{C13B77A8-01BB-409D-B71C-626857076792}.Release|x86.ActiveCfg = Release|Any CPU
		{C13B77A8-01BB-409D-B71C-626857076792}.Release|x86.Build.0 = Release|Any CPU
		{438B7B47-6422-4D79-9046-F5A94B9D1F39}.Debug|Any CPU.ActiveCfg = Debug|Any CPU
		{438B7B47-6422-4D79-9046-F5A94B9D1F39}.Debug|Any CPU.Build.0 = Debug|Any CPU
		{438B7B47-6422-4D79-9046-F5A94B9D1F39}.Debug|x64.ActiveCfg = Debug|Any CPU
		{438B7B47-6422-4D79-9046-F5A94B9D1F39}.Debug|x64.Build.0 = Debug|Any CPU
		{438B7B47-6422-4D79-9046-F5A94B9D1F39}.Debug|x86.ActiveCfg = Debug|Any CPU
		{438B7B47-6422-4D79-9046-F5A94B9D1F39}.Debug|x86.Build.0 = Debug|Any CPU
		{438B7B47-6422-4D79-9046-F5A94B9D1F39}.Release|Any CPU.ActiveCfg = Release|Any CPU
		{438B7B47-6422-4D79-9046-F5A94B9D1F39}.Release|Any CPU.Build.0 = Release|Any CPU
		{438B7B47-6422-4D79-9046-F5A94B9D1F39}.Release|x64.ActiveCfg = Release|Any CPU
		{438B7B47-6422-4D79-9046-F5A94B9D1F39}.Release|x64.Build.0 = Release|Any CPU
		{438B7B47-6422-4D79-9046-F5A94B9D1F39}.Release|x86.ActiveCfg = Release|Any CPU
		{438B7B47-6422-4D79-9046-F5A94B9D1F39}.Release|x86.Build.0 = Release|Any CPU
		{02029BF6-E1CF-485B-9D4C-776005848955}.Debug|Any CPU.ActiveCfg = Debug|Any CPU
		{02029BF6-E1CF-485B-9D4C-776005848955}.Debug|Any CPU.Build.0 = Debug|Any CPU
		{02029BF6-E1CF-485B-9D4C-776005848955}.Debug|x64.ActiveCfg = Debug|Any CPU
		{02029BF6-E1CF-485B-9D4C-776005848955}.Debug|x64.Build.0 = Debug|Any CPU
		{02029BF6-E1CF-485B-9D4C-776005848955}.Debug|x86.ActiveCfg = Debug|Any CPU
		{02029BF6-E1CF-485B-9D4C-776005848955}.Debug|x86.Build.0 = Debug|Any CPU
		{02029BF6-E1CF-485B-9D4C-776005848955}.Release|Any CPU.ActiveCfg = Release|Any CPU
		{02029BF6-E1CF-485B-9D4C-776005848955}.Release|Any CPU.Build.0 = Release|Any CPU
		{02029BF6-E1CF-485B-9D4C-776005848955}.Release|x64.ActiveCfg = Release|Any CPU
		{02029BF6-E1CF-485B-9D4C-776005848955}.Release|x64.Build.0 = Release|Any CPU
		{02029BF6-E1CF-485B-9D4C-776005848955}.Release|x86.ActiveCfg = Release|Any CPU
		{02029BF6-E1CF-485B-9D4C-776005848955}.Release|x86.Build.0 = Release|Any CPU
		{B7AE4F9A-89EC-4D0F-ADCF-EF8A372328F0}.Debug|Any CPU.ActiveCfg = Debug|Any CPU
		{B7AE4F9A-89EC-4D0F-ADCF-EF8A372328F0}.Debug|Any CPU.Build.0 = Debug|Any CPU
		{B7AE4F9A-89EC-4D0F-ADCF-EF8A372328F0}.Debug|x64.ActiveCfg = Debug|Any CPU
		{B7AE4F9A-89EC-4D0F-ADCF-EF8A372328F0}.Debug|x64.Build.0 = Debug|Any CPU
		{B7AE4F9A-89EC-4D0F-ADCF-EF8A372328F0}.Debug|x86.ActiveCfg = Debug|Any CPU
		{B7AE4F9A-89EC-4D0F-ADCF-EF8A372328F0}.Debug|x86.Build.0 = Debug|Any CPU
		{B7AE4F9A-89EC-4D0F-ADCF-EF8A372328F0}.Release|Any CPU.ActiveCfg = Release|Any CPU
		{B7AE4F9A-89EC-4D0F-ADCF-EF8A372328F0}.Release|Any CPU.Build.0 = Release|Any CPU
		{B7AE4F9A-89EC-4D0F-ADCF-EF8A372328F0}.Release|x64.ActiveCfg = Release|Any CPU
		{B7AE4F9A-89EC-4D0F-ADCF-EF8A372328F0}.Release|x64.Build.0 = Release|Any CPU
		{B7AE4F9A-89EC-4D0F-ADCF-EF8A372328F0}.Release|x86.ActiveCfg = Release|Any CPU
		{B7AE4F9A-89EC-4D0F-ADCF-EF8A372328F0}.Release|x86.Build.0 = Release|Any CPU
		{B8931B2D-D455-41E9-A475-C9875A106B07}.Debug|Any CPU.ActiveCfg = Debug|Any CPU
		{B8931B2D-D455-41E9-A475-C9875A106B07}.Debug|Any CPU.Build.0 = Debug|Any CPU
		{B8931B2D-D455-41E9-A475-C9875A106B07}.Debug|x64.ActiveCfg = Debug|Any CPU
		{B8931B2D-D455-41E9-A475-C9875A106B07}.Debug|x64.Build.0 = Debug|Any CPU
		{B8931B2D-D455-41E9-A475-C9875A106B07}.Debug|x86.ActiveCfg = Debug|Any CPU
		{B8931B2D-D455-41E9-A475-C9875A106B07}.Debug|x86.Build.0 = Debug|Any CPU
		{B8931B2D-D455-41E9-A475-C9875A106B07}.Release|Any CPU.ActiveCfg = Release|Any CPU
		{B8931B2D-D455-41E9-A475-C9875A106B07}.Release|Any CPU.Build.0 = Release|Any CPU
		{B8931B2D-D455-41E9-A475-C9875A106B07}.Release|x64.ActiveCfg = Release|Any CPU
		{B8931B2D-D455-41E9-A475-C9875A106B07}.Release|x64.Build.0 = Release|Any CPU
		{B8931B2D-D455-41E9-A475-C9875A106B07}.Release|x86.ActiveCfg = Release|Any CPU
		{B8931B2D-D455-41E9-A475-C9875A106B07}.Release|x86.Build.0 = Release|Any CPU
		{57348309-9955-404E-9D01-7F47ABB8030F}.Debug|Any CPU.ActiveCfg = Debug|Any CPU
		{57348309-9955-404E-9D01-7F47ABB8030F}.Debug|Any CPU.Build.0 = Debug|Any CPU
		{57348309-9955-404E-9D01-7F47ABB8030F}.Debug|x64.ActiveCfg = Debug|Any CPU
		{57348309-9955-404E-9D01-7F47ABB8030F}.Debug|x64.Build.0 = Debug|Any CPU
		{57348309-9955-404E-9D01-7F47ABB8030F}.Debug|x86.ActiveCfg = Debug|Any CPU
		{57348309-9955-404E-9D01-7F47ABB8030F}.Debug|x86.Build.0 = Debug|Any CPU
		{57348309-9955-404E-9D01-7F47ABB8030F}.Release|Any CPU.ActiveCfg = Release|Any CPU
		{57348309-9955-404E-9D01-7F47ABB8030F}.Release|Any CPU.Build.0 = Release|Any CPU
		{57348309-9955-404E-9D01-7F47ABB8030F}.Release|x64.ActiveCfg = Release|Any CPU
		{57348309-9955-404E-9D01-7F47ABB8030F}.Release|x64.Build.0 = Release|Any CPU
		{57348309-9955-404E-9D01-7F47ABB8030F}.Release|x86.ActiveCfg = Release|Any CPU
		{57348309-9955-404E-9D01-7F47ABB8030F}.Release|x86.Build.0 = Release|Any CPU
		{4E3FF204-D62D-4AAE-999B-A917E5DA5FCC}.Debug|Any CPU.ActiveCfg = Debug|Any CPU
		{4E3FF204-D62D-4AAE-999B-A917E5DA5FCC}.Debug|Any CPU.Build.0 = Debug|Any CPU
		{4E3FF204-D62D-4AAE-999B-A917E5DA5FCC}.Debug|x64.ActiveCfg = Debug|Any CPU
		{4E3FF204-D62D-4AAE-999B-A917E5DA5FCC}.Debug|x64.Build.0 = Debug|Any CPU
		{4E3FF204-D62D-4AAE-999B-A917E5DA5FCC}.Debug|x86.ActiveCfg = Debug|Any CPU
		{4E3FF204-D62D-4AAE-999B-A917E5DA5FCC}.Debug|x86.Build.0 = Debug|Any CPU
		{4E3FF204-D62D-4AAE-999B-A917E5DA5FCC}.Release|Any CPU.ActiveCfg = Release|Any CPU
		{4E3FF204-D62D-4AAE-999B-A917E5DA5FCC}.Release|Any CPU.Build.0 = Release|Any CPU
		{4E3FF204-D62D-4AAE-999B-A917E5DA5FCC}.Release|x64.ActiveCfg = Release|Any CPU
		{4E3FF204-D62D-4AAE-999B-A917E5DA5FCC}.Release|x64.Build.0 = Release|Any CPU
		{4E3FF204-D62D-4AAE-999B-A917E5DA5FCC}.Release|x86.ActiveCfg = Release|Any CPU
		{4E3FF204-D62D-4AAE-999B-A917E5DA5FCC}.Release|x86.Build.0 = Release|Any CPU
		{337E8006-28B1-4FFA-994B-F1BC97F9E81A}.Debug|Any CPU.ActiveCfg = Debug|Any CPU
		{337E8006-28B1-4FFA-994B-F1BC97F9E81A}.Debug|Any CPU.Build.0 = Debug|Any CPU
		{337E8006-28B1-4FFA-994B-F1BC97F9E81A}.Debug|x64.ActiveCfg = Debug|Any CPU
		{337E8006-28B1-4FFA-994B-F1BC97F9E81A}.Debug|x64.Build.0 = Debug|Any CPU
		{337E8006-28B1-4FFA-994B-F1BC97F9E81A}.Debug|x86.ActiveCfg = Debug|Any CPU
		{337E8006-28B1-4FFA-994B-F1BC97F9E81A}.Debug|x86.Build.0 = Debug|Any CPU
		{337E8006-28B1-4FFA-994B-F1BC97F9E81A}.Release|Any CPU.ActiveCfg = Release|Any CPU
		{337E8006-28B1-4FFA-994B-F1BC97F9E81A}.Release|Any CPU.Build.0 = Release|Any CPU
		{337E8006-28B1-4FFA-994B-F1BC97F9E81A}.Release|x64.ActiveCfg = Release|Any CPU
		{337E8006-28B1-4FFA-994B-F1BC97F9E81A}.Release|x64.Build.0 = Release|Any CPU
		{337E8006-28B1-4FFA-994B-F1BC97F9E81A}.Release|x86.ActiveCfg = Release|Any CPU
		{337E8006-28B1-4FFA-994B-F1BC97F9E81A}.Release|x86.Build.0 = Release|Any CPU
		{2FE412F0-A1A3-40A7-85FC-8F4CA206CC39}.Debug|Any CPU.ActiveCfg = Debug|Any CPU
		{2FE412F0-A1A3-40A7-85FC-8F4CA206CC39}.Debug|Any CPU.Build.0 = Debug|Any CPU
		{2FE412F0-A1A3-40A7-85FC-8F4CA206CC39}.Debug|x64.ActiveCfg = Debug|Any CPU
		{2FE412F0-A1A3-40A7-85FC-8F4CA206CC39}.Debug|x64.Build.0 = Debug|Any CPU
		{2FE412F0-A1A3-40A7-85FC-8F4CA206CC39}.Debug|x86.ActiveCfg = Debug|Any CPU
		{2FE412F0-A1A3-40A7-85FC-8F4CA206CC39}.Debug|x86.Build.0 = Debug|Any CPU
		{2FE412F0-A1A3-40A7-85FC-8F4CA206CC39}.Release|Any CPU.ActiveCfg = Release|Any CPU
		{2FE412F0-A1A3-40A7-85FC-8F4CA206CC39}.Release|Any CPU.Build.0 = Release|Any CPU
		{2FE412F0-A1A3-40A7-85FC-8F4CA206CC39}.Release|x64.ActiveCfg = Release|Any CPU
		{2FE412F0-A1A3-40A7-85FC-8F4CA206CC39}.Release|x64.Build.0 = Release|Any CPU
		{2FE412F0-A1A3-40A7-85FC-8F4CA206CC39}.Release|x86.ActiveCfg = Release|Any CPU
		{2FE412F0-A1A3-40A7-85FC-8F4CA206CC39}.Release|x86.Build.0 = Release|Any CPU
		{5529D311-15AC-4DB1-BD6A-CEB24685AFAF}.Debug|Any CPU.ActiveCfg = Debug|Any CPU
		{5529D311-15AC-4DB1-BD6A-CEB24685AFAF}.Debug|Any CPU.Build.0 = Debug|Any CPU
		{5529D311-15AC-4DB1-BD6A-CEB24685AFAF}.Debug|x64.ActiveCfg = Debug|Any CPU
		{5529D311-15AC-4DB1-BD6A-CEB24685AFAF}.Debug|x64.Build.0 = Debug|Any CPU
		{5529D311-15AC-4DB1-BD6A-CEB24685AFAF}.Debug|x86.ActiveCfg = Debug|Any CPU
		{5529D311-15AC-4DB1-BD6A-CEB24685AFAF}.Debug|x86.Build.0 = Debug|Any CPU
		{5529D311-15AC-4DB1-BD6A-CEB24685AFAF}.Release|Any CPU.ActiveCfg = Release|Any CPU
		{5529D311-15AC-4DB1-BD6A-CEB24685AFAF}.Release|Any CPU.Build.0 = Release|Any CPU
		{5529D311-15AC-4DB1-BD6A-CEB24685AFAF}.Release|x64.ActiveCfg = Release|Any CPU
		{5529D311-15AC-4DB1-BD6A-CEB24685AFAF}.Release|x64.Build.0 = Release|Any CPU
		{5529D311-15AC-4DB1-BD6A-CEB24685AFAF}.Release|x86.ActiveCfg = Release|Any CPU
		{5529D311-15AC-4DB1-BD6A-CEB24685AFAF}.Release|x86.Build.0 = Release|Any CPU
	EndGlobalSection
	GlobalSection(SolutionProperties) = preSolution
		HideSolutionNode = FALSE
	EndGlobalSection
	GlobalSection(NestedProjects) = preSolution
		{05FF8703-3997-4D93-80FB-3218DF30FBD7} = {827E0CD3-B72D-47B6-A68D-7590B98EB39B}
		{B9778DB9-738A-4FFF-BE98-90E9E1489BD8} = {827E0CD3-B72D-47B6-A68D-7590B98EB39B}
		{955BA7C3-26EF-4D2C-8C98-1F1211159D3F} = {0AB3BF05-4346-4AA6-1389-037BE0695223}
		{55BED0B4-7862-48D9-AE43-DDF1BD26CF2C} = {0AB3BF05-4346-4AA6-1389-037BE0695223}
		{E35F6D0F-B7F6-4B9A-A8F4-184DF14C10CF} = {5D20AA90-6969-D8BD-9DCD-8634F4692FDA}
		{D94CD672-5CBA-4D74-BBF7-3A27AA9DC315} = {5D20AA90-6969-D8BD-9DCD-8634F4692FDA}
		{DD2D25BF-7C11-4072-8BA8-FE8FE8669766} = {5D20AA90-6969-D8BD-9DCD-8634F4692FDA}
		{74435468-3D03-4F07-8E54-DC44C8EAD481} = {5D20AA90-6969-D8BD-9DCD-8634F4692FDA}
		{C13B77A8-01BB-409D-B71C-626857076792} = {5D20AA90-6969-D8BD-9DCD-8634F4692FDA}
		{438B7B47-6422-4D79-9046-F5A94B9D1F39} = {5D20AA90-6969-D8BD-9DCD-8634F4692FDA}
		{02029BF6-E1CF-485B-9D4C-776005848955} = {5D20AA90-6969-D8BD-9DCD-8634F4692FDA}
		{B7AE4F9A-89EC-4D0F-ADCF-EF8A372328F0} = {5D20AA90-6969-D8BD-9DCD-8634F4692FDA}
		{B8931B2D-D455-41E9-A475-C9875A106B07} = {5D20AA90-6969-D8BD-9DCD-8634F4692FDA}
		{57348309-9955-404E-9D01-7F47ABB8030F} = {5D20AA90-6969-D8BD-9DCD-8634F4692FDA}
		{4E3FF204-D62D-4AAE-999B-A917E5DA5FCC} = {5D20AA90-6969-D8BD-9DCD-8634F4692FDA}
		{337E8006-28B1-4FFA-994B-F1BC97F9E81A} = {5D20AA90-6969-D8BD-9DCD-8634F4692FDA}
		{2FE412F0-A1A3-40A7-85FC-8F4CA206CC39} = {5D20AA90-6969-D8BD-9DCD-8634F4692FDA}
		{5529D311-15AC-4DB1-BD6A-CEB24685AFAF} = {5D20AA90-6969-D8BD-9DCD-8634F4692FDA}
	EndGlobalSection
EndGlobal
